// !$*UTF8*$!
{
	archiveVersion = 1;
	classes = {
	};
	objectVersion = 55;
	objects = {

/* Begin PBXBuildFile section */
		1FE5801D283BD34D00DC58A1 /* DescriptionViewController.swift in Sources */ = {isa = PBXBuildFile; fileRef = 1FE5801C283BD34D00DC58A1 /* DescriptionViewController.swift */; };
		8A5761BC28300EAD00512F9A /* right-arrow.png in Resources */ = {isa = PBXBuildFile; fileRef = 8A5761BB28300EAD00512F9A /* right-arrow.png */; };
		8A598116285E3E460004BC0F /* welcome.wav in Resources */ = {isa = PBXBuildFile; fileRef = 8A598115285E3E460004BC0F /* welcome.wav */; };
		8A59811E2860E87A0004BC0F /* Billa.wav in Resources */ = {isa = PBXBuildFile; fileRef = 8A59811A2860E87A0004BC0F /* Billa.wav */; };
		8A59811F2860E87A0004BC0F /* Freibad.wav in Resources */ = {isa = PBXBuildFile; fileRef = 8A59811B2860E87A0004BC0F /* Freibad.wav */; };
		8A5981202860E87A0004BC0F /* Genusstreff.wav in Resources */ = {isa = PBXBuildFile; fileRef = 8A59811C2860E87A0004BC0F /* Genusstreff.wav */; };
		8A5981212860E87A0004BC0F /* Asiate.wav in Resources */ = {isa = PBXBuildFile; fileRef = 8A59811D2860E87A0004BC0F /* Asiate.wav */; };
		8A5981262860E9920004BC0F /* Freibad.rcproject in Sources */ = {isa = PBXBuildFile; fileRef = 8A5981222860E9920004BC0F /* Freibad.rcproject */; };
		8A5981272860E9920004BC0F /* Asiate.rcproject in Sources */ = {isa = PBXBuildFile; fileRef = 8A5981232860E9920004BC0F /* Asiate.rcproject */; };
		8A5981282860E9920004BC0F /* Genusstreff.rcproject in Sources */ = {isa = PBXBuildFile; fileRef = 8A5981242860E9920004BC0F /* Genusstreff.rcproject */; };
		8A5981292860E9920004BC0F /* Billa.rcproject in Sources */ = {isa = PBXBuildFile; fileRef = 8A5981252860E9920004BC0F /* Billa.rcproject */; };
		8AD6CCC3281456A300DE5902 /* CustomGeoAnchor.swift in Sources */ = {isa = PBXBuildFile; fileRef = 8AD6CCC2281456A300DE5902 /* CustomGeoAnchor.swift */; };
		8AD6CCC528145AFC00DE5902 /* Model.swift in Sources */ = {isa = PBXBuildFile; fileRef = 8AD6CCC428145AFC00DE5902 /* Model.swift */; };
		F4281A2A284517550091BB69 /* FinalViewController.swift in Sources */ = {isa = PBXBuildFile; fileRef = F4281A29284517550091BB69 /* FinalViewController.swift */; };
		F43026BE27F2189500A8708B /* AppDelegate.swift in Sources */ = {isa = PBXBuildFile; fileRef = F43026BD27F2189500A8708B /* AppDelegate.swift */; };
		F43026C027F2189500A8708B /* ViewController.swift in Sources */ = {isa = PBXBuildFile; fileRef = F43026BF27F2189500A8708B /* ViewController.swift */; };
		F43026C527F2189500A8708B /* Main.storyboard in Resources */ = {isa = PBXBuildFile; fileRef = F43026C327F2189500A8708B /* Main.storyboard */; };
		F43026C727F2189600A8708B /* Assets.xcassets in Resources */ = {isa = PBXBuildFile; fileRef = F43026C627F2189600A8708B /* Assets.xcassets */; };
		F43026CA27F2189600A8708B /* LaunchScreen.storyboard in Resources */ = {isa = PBXBuildFile; fileRef = F43026C827F2189600A8708B /* LaunchScreen.storyboard */; };
		F43026D527F220E900A8708B /* CompassViewController.swift in Sources */ = {isa = PBXBuildFile; fileRef = F43026D427F220E900A8708B /* CompassViewController.swift */; };
		F43026D727F221F700A8708B /* OverviewController.swift in Sources */ = {isa = PBXBuildFile; fileRef = F43026D627F221F700A8708B /* OverviewController.swift */; };
		F4424C6127F44BC5008F80D4 /* Simple_compass_rose.svg.png in Resources */ = {isa = PBXBuildFile; fileRef = F4424C6027F44BC5008F80D4 /* Simple_compass_rose.svg.png */; };
		F45376622815BE9200224816 /* LocationViewController.swift in Sources */ = {isa = PBXBuildFile; fileRef = F45376612815BE9200224816 /* LocationViewController.swift */; };
		F4F3031128329773008AC11C /* MainViewController.swift in Sources */ = {isa = PBXBuildFile; fileRef = F4F3031028329773008AC11C /* MainViewController.swift */; };
		F4F303132832E085008AC11C /* AnchorDescription.swift in Sources */ = {isa = PBXBuildFile; fileRef = F4F303122832E085008AC11C /* AnchorDescription.swift */; };
/* End PBXBuildFile section */

/* Begin PBXFileReference section */
		1FE5801C283BD34D00DC58A1 /* DescriptionViewController.swift */ = {isa = PBXFileReference; lastKnownFileType = sourcecode.swift; path = DescriptionViewController.swift; sourceTree = "<group>"; };
		8A5761BB28300EAD00512F9A /* right-arrow.png */ = {isa = PBXFileReference; lastKnownFileType = image.png; path = "right-arrow.png"; sourceTree = "<group>"; };
		8A598115285E3E460004BC0F /* welcome.wav */ = {isa = PBXFileReference; lastKnownFileType = audio.wav; path = welcome.wav; sourceTree = "<group>"; };
		8A59811A2860E87A0004BC0F /* Billa.wav */ = {isa = PBXFileReference; lastKnownFileType = audio.wav; path = Billa.wav; sourceTree = "<group>"; };
		8A59811B2860E87A0004BC0F /* Freibad.wav */ = {isa = PBXFileReference; lastKnownFileType = audio.wav; path = Freibad.wav; sourceTree = "<group>"; };
		8A59811C2860E87A0004BC0F /* Genusstreff.wav */ = {isa = PBXFileReference; lastKnownFileType = audio.wav; path = Genusstreff.wav; sourceTree = "<group>"; };
		8A59811D2860E87A0004BC0F /* Asiate.wav */ = {isa = PBXFileReference; lastKnownFileType = audio.wav; path = Asiate.wav; sourceTree = "<group>"; };
		8A5981222860E9920004BC0F /* Freibad.rcproject */ = {isa = PBXFileReference; lastKnownFileType = file.rcproject; path = Freibad.rcproject; sourceTree = "<group>"; };
		8A5981232860E9920004BC0F /* Asiate.rcproject */ = {isa = PBXFileReference; lastKnownFileType = file.rcproject; path = Asiate.rcproject; sourceTree = "<group>"; };
		8A5981242860E9920004BC0F /* Genusstreff.rcproject */ = {isa = PBXFileReference; lastKnownFileType = file.rcproject; path = Genusstreff.rcproject; sourceTree = "<group>"; };
		8A5981252860E9920004BC0F /* Billa.rcproject */ = {isa = PBXFileReference; lastKnownFileType = file.rcproject; path = Billa.rcproject; sourceTree = "<group>"; };
		8AD6CCC2281456A300DE5902 /* CustomGeoAnchor.swift */ = {isa = PBXFileReference; lastKnownFileType = sourcecode.swift; path = CustomGeoAnchor.swift; sourceTree = "<group>"; };
		8AD6CCC428145AFC00DE5902 /* Model.swift */ = {isa = PBXFileReference; lastKnownFileType = sourcecode.swift; path = Model.swift; sourceTree = "<group>"; };
		F4281A29284517550091BB69 /* FinalViewController.swift */ = {isa = PBXFileReference; lastKnownFileType = sourcecode.swift; path = FinalViewController.swift; sourceTree = "<group>"; };
		F43026BA27F2189500A8708B /* ARExample.app */ = {isa = PBXFileReference; explicitFileType = wrapper.application; includeInIndex = 0; path = ARExample.app; sourceTree = BUILT_PRODUCTS_DIR; };
		F43026BD27F2189500A8708B /* AppDelegate.swift */ = {isa = PBXFileReference; lastKnownFileType = sourcecode.swift; path = AppDelegate.swift; sourceTree = "<group>"; };
		F43026BF27F2189500A8708B /* ViewController.swift */ = {isa = PBXFileReference; lastKnownFileType = sourcecode.swift; path = ViewController.swift; sourceTree = "<group>"; };
		F43026C427F2189500A8708B /* Base */ = {isa = PBXFileReference; lastKnownFileType = file.storyboard; name = Base; path = Base.lproj/Main.storyboard; sourceTree = "<group>"; };
		F43026C627F2189600A8708B /* Assets.xcassets */ = {isa = PBXFileReference; lastKnownFileType = folder.assetcatalog; path = Assets.xcassets; sourceTree = "<group>"; };
		F43026C927F2189600A8708B /* Base */ = {isa = PBXFileReference; lastKnownFileType = file.storyboard; name = Base; path = Base.lproj/LaunchScreen.storyboard; sourceTree = "<group>"; };
		F43026D427F220E900A8708B /* CompassViewController.swift */ = {isa = PBXFileReference; lastKnownFileType = sourcecode.swift; path = CompassViewController.swift; sourceTree = "<group>"; };
		F43026D627F221F700A8708B /* OverviewController.swift */ = {isa = PBXFileReference; lastKnownFileType = sourcecode.swift; path = OverviewController.swift; sourceTree = "<group>"; };
		F4424C6027F44BC5008F80D4 /* Simple_compass_rose.svg.png */ = {isa = PBXFileReference; lastKnownFileType = image.png; path = Simple_compass_rose.svg.png; sourceTree = "<group>"; };
		F45376612815BE9200224816 /* LocationViewController.swift */ = {isa = PBXFileReference; lastKnownFileType = sourcecode.swift; path = LocationViewController.swift; sourceTree = "<group>"; };
		F4F3031028329773008AC11C /* MainViewController.swift */ = {isa = PBXFileReference; lastKnownFileType = sourcecode.swift; path = MainViewController.swift; sourceTree = "<group>"; };
		F4F303122832E085008AC11C /* AnchorDescription.swift */ = {isa = PBXFileReference; lastKnownFileType = sourcecode.swift; path = AnchorDescription.swift; sourceTree = "<group>"; };
/* End PBXFileReference section */

/* Begin PBXFrameworksBuildPhase section */
		F43026B727F2189500A8708B /* Frameworks */ = {
			isa = PBXFrameworksBuildPhase;
			buildActionMask = 2147483647;
			files = (
			);
			runOnlyForDeploymentPostprocessing = 0;
		};
/* End PBXFrameworksBuildPhase section */

/* Begin PBXGroup section */
		8A598114285E3E000004BC0F /* Audios */ = {
			isa = PBXGroup;
			children = (
				8A59811D2860E87A0004BC0F /* Asiate.wav */,
				8A59811A2860E87A0004BC0F /* Billa.wav */,
				8A59811B2860E87A0004BC0F /* Freibad.wav */,
				8A59811C2860E87A0004BC0F /* Genusstreff.wav */,
				8A598115285E3E460004BC0F /* welcome.wav */,
			);
			path = Audios;
			sourceTree = "<group>";
		};
		F43026B127F2189500A8708B = {
			isa = PBXGroup;
			children = (
				F43026BC27F2189500A8708B /* ARExample */,
				F43026BB27F2189500A8708B /* Products */,
			);
			sourceTree = "<group>";
		};
		F43026BB27F2189500A8708B /* Products */ = {
			isa = PBXGroup;
			children = (
				F43026BA27F2189500A8708B /* ARExample.app */,
			);
			name = Products;
			sourceTree = "<group>";
		};
		F43026BC27F2189500A8708B /* ARExample */ = {
			isa = PBXGroup;
			children = (
				8A598114285E3E000004BC0F /* Audios */,
				F4F303122832E085008AC11C /* AnchorDescription.swift */,
				8AD6CCC2281456A300DE5902 /* CustomGeoAnchor.swift */,
				F43026BD27F2189500A8708B /* AppDelegate.swift */,
				F43026BF27F2189500A8708B /* ViewController.swift */,
				8A5981232860E9920004BC0F /* Asiate.rcproject */,
				8A5981252860E9920004BC0F /* Billa.rcproject */,
				8A5981222860E9920004BC0F /* Freibad.rcproject */,
				8A5981242860E9920004BC0F /* Genusstreff.rcproject */,
				F43026C327F2189500A8708B /* Main.storyboard */,
				F43026D627F221F700A8708B /* OverviewController.swift */,
				F43026D427F220E900A8708B /* CompassViewController.swift */,
				F45376612815BE9200224816 /* LocationViewController.swift */,
				F43026C627F2189600A8708B /* Assets.xcassets */,
				F4424C6027F44BC5008F80D4 /* Simple_compass_rose.svg.png */,
				8A5761BB28300EAD00512F9A /* right-arrow.png */,
				F43026C827F2189600A8708B /* LaunchScreen.storyboard */,
				8AD6CCC428145AFC00DE5902 /* Model.swift */,
				F4F3031028329773008AC11C /* MainViewController.swift */,
				1FE5801C283BD34D00DC58A1 /* DescriptionViewController.swift */,
				F4281A29284517550091BB69 /* FinalViewController.swift */,
			);
			path = ARExample;
			sourceTree = "<group>";
		};
/* End PBXGroup section */

/* Begin PBXNativeTarget section */
		F43026B927F2189500A8708B /* ARExample */ = {
			isa = PBXNativeTarget;
			buildConfigurationList = F43026CD27F2189600A8708B /* Build configuration list for PBXNativeTarget "ARExample" */;
			buildPhases = (
				F43026B627F2189500A8708B /* Sources */,
				F43026B727F2189500A8708B /* Frameworks */,
				F43026B827F2189500A8708B /* Resources */,
			);
			buildRules = (
			);
			dependencies = (
			);
			name = ARExample;
			productName = ARExample;
			productReference = F43026BA27F2189500A8708B /* ARExample.app */;
			productType = "com.apple.product-type.application";
		};
/* End PBXNativeTarget section */

/* Begin PBXProject section */
		F43026B227F2189500A8708B /* Project object */ = {
			isa = PBXProject;
			attributes = {
				BuildIndependentTargetsInParallel = 1;
				LastSwiftUpdateCheck = 1330;
				LastUpgradeCheck = 1330;
				TargetAttributes = {
					F43026B927F2189500A8708B = {
						CreatedOnToolsVersion = 13.3;
					};
				};
			};
			buildConfigurationList = F43026B527F2189500A8708B /* Build configuration list for PBXProject "ARExample" */;
			compatibilityVersion = "Xcode 13.0";
			developmentRegion = en;
			hasScannedForEncodings = 0;
			knownRegions = (
				en,
				Base,
			);
			mainGroup = F43026B127F2189500A8708B;
			productRefGroup = F43026BB27F2189500A8708B /* Products */;
			projectDirPath = "";
			projectRoot = "";
			targets = (
				F43026B927F2189500A8708B /* ARExample */,
			);
		};
/* End PBXProject section */

/* Begin PBXResourcesBuildPhase section */
		F43026B827F2189500A8708B /* Resources */ = {
			isa = PBXResourcesBuildPhase;
			buildActionMask = 2147483647;
			files = (
				8A5761BC28300EAD00512F9A /* right-arrow.png in Resources */,
				F43026CA27F2189600A8708B /* LaunchScreen.storyboard in Resources */,
				8A59811E2860E87A0004BC0F /* Billa.wav in Resources */,
				8A5981212860E87A0004BC0F /* Asiate.wav in Resources */,
				F43026C727F2189600A8708B /* Assets.xcassets in Resources */,
				8A5981202860E87A0004BC0F /* Genusstreff.wav in Resources */,
				8A59811F2860E87A0004BC0F /* Freibad.wav in Resources */,
				8A598116285E3E460004BC0F /* welcome.wav in Resources */,
				F43026C527F2189500A8708B /* Main.storyboard in Resources */,
				F4424C6127F44BC5008F80D4 /* Simple_compass_rose.svg.png in Resources */,
			);
			runOnlyForDeploymentPostprocessing = 0;
		};
/* End PBXResourcesBuildPhase section */

/* Begin PBXSourcesBuildPhase section */
		F43026B627F2189500A8708B /* Sources */ = {
			isa = PBXSourcesBuildPhase;
			buildActionMask = 2147483647;
			files = (
				8A5981282860E9920004BC0F /* Genusstreff.rcproject in Sources */,
				8A5981262860E9920004BC0F /* Freibad.rcproject in Sources */,
				8A5981272860E9920004BC0F /* Asiate.rcproject in Sources */,
				8AD6CCC528145AFC00DE5902 /* Model.swift in Sources */,
				F4281A2A284517550091BB69 /* FinalViewController.swift in Sources */,
				F4F303132832E085008AC11C /* AnchorDescription.swift in Sources */,
				1FE5801D283BD34D00DC58A1 /* DescriptionViewController.swift in Sources */,
				F4F3031128329773008AC11C /* MainViewController.swift in Sources */,
				F43026C027F2189500A8708B /* ViewController.swift in Sources */,
				F43026BE27F2189500A8708B /* AppDelegate.swift in Sources */,
				8A5981292860E9920004BC0F /* Billa.rcproject in Sources */,
				8AD6CCC3281456A300DE5902 /* CustomGeoAnchor.swift in Sources */,
				F45376622815BE9200224816 /* LocationViewController.swift in Sources */,
				F43026D727F221F700A8708B /* OverviewController.swift in Sources */,
				F43026D527F220E900A8708B /* CompassViewController.swift in Sources */,
			);
			runOnlyForDeploymentPostprocessing = 0;
		};
/* End PBXSourcesBuildPhase section */

/* Begin PBXVariantGroup section */
		F43026C327F2189500A8708B /* Main.storyboard */ = {
			isa = PBXVariantGroup;
			children = (
				F43026C427F2189500A8708B /* Base */,
			);
			name = Main.storyboard;
			sourceTree = "<group>";
		};
		F43026C827F2189600A8708B /* LaunchScreen.storyboard */ = {
			isa = PBXVariantGroup;
			children = (
				F43026C927F2189600A8708B /* Base */,
			);
			name = LaunchScreen.storyboard;
			sourceTree = "<group>";
		};
/* End PBXVariantGroup section */

/* Begin XCBuildConfiguration section */
		F43026CB27F2189600A8708B /* Debug */ = {
			isa = XCBuildConfiguration;
			buildSettings = {
				ALWAYS_SEARCH_USER_PATHS = NO;
				CLANG_ANALYZER_NONNULL = YES;
				CLANG_ANALYZER_NUMBER_OBJECT_CONVERSION = YES_AGGRESSIVE;
				CLANG_CXX_LANGUAGE_STANDARD = "gnu++17";
				CLANG_ENABLE_MODULES = YES;
				CLANG_ENABLE_OBJC_ARC = YES;
				CLANG_ENABLE_OBJC_WEAK = YES;
				CLANG_WARN_BLOCK_CAPTURE_AUTORELEASING = YES;
				CLANG_WARN_BOOL_CONVERSION = YES;
				CLANG_WARN_COMMA = YES;
				CLANG_WARN_CONSTANT_CONVERSION = YES;
				CLANG_WARN_DEPRECATED_OBJC_IMPLEMENTATIONS = YES;
				CLANG_WARN_DIRECT_OBJC_ISA_USAGE = YES_ERROR;
				CLANG_WARN_DOCUMENTATION_COMMENTS = YES;
				CLANG_WARN_EMPTY_BODY = YES;
				CLANG_WARN_ENUM_CONVERSION = YES;
				CLANG_WARN_INFINITE_RECURSION = YES;
				CLANG_WARN_INT_CONVERSION = YES;
				CLANG_WARN_NON_LITERAL_NULL_CONVERSION = YES;
				CLANG_WARN_OBJC_IMPLICIT_RETAIN_SELF = YES;
				CLANG_WARN_OBJC_LITERAL_CONVERSION = YES;
				CLANG_WARN_OBJC_ROOT_CLASS = YES_ERROR;
				CLANG_WARN_QUOTED_INCLUDE_IN_FRAMEWORK_HEADER = YES;
				CLANG_WARN_RANGE_LOOP_ANALYSIS = YES;
				CLANG_WARN_STRICT_PROTOTYPES = YES;
				CLANG_WARN_SUSPICIOUS_MOVE = YES;
				CLANG_WARN_UNGUARDED_AVAILABILITY = YES_AGGRESSIVE;
				CLANG_WARN_UNREACHABLE_CODE = YES;
				CLANG_WARN__DUPLICATE_METHOD_MATCH = YES;
				COPY_PHASE_STRIP = NO;
				DEBUG_INFORMATION_FORMAT = dwarf;
				ENABLE_STRICT_OBJC_MSGSEND = YES;
				ENABLE_TESTABILITY = YES;
				GCC_C_LANGUAGE_STANDARD = gnu11;
				GCC_DYNAMIC_NO_PIC = NO;
				GCC_NO_COMMON_BLOCKS = YES;
				GCC_OPTIMIZATION_LEVEL = 0;
				GCC_PREPROCESSOR_DEFINITIONS = (
					"DEBUG=1",
					"$(inherited)",
				);
				GCC_WARN_64_TO_32_BIT_CONVERSION = YES;
				GCC_WARN_ABOUT_RETURN_TYPE = YES_ERROR;
				GCC_WARN_UNDECLARED_SELECTOR = YES;
				GCC_WARN_UNINITIALIZED_AUTOS = YES_AGGRESSIVE;
				GCC_WARN_UNUSED_FUNCTION = YES;
				GCC_WARN_UNUSED_VARIABLE = YES;
				IPHONEOS_DEPLOYMENT_TARGET = 15.4;
				MTL_ENABLE_DEBUG_INFO = INCLUDE_SOURCE;
				MTL_FAST_MATH = YES;
				ONLY_ACTIVE_ARCH = YES;
				SDKROOT = iphoneos;
				SWIFT_ACTIVE_COMPILATION_CONDITIONS = DEBUG;
				SWIFT_OPTIMIZATION_LEVEL = "-Onone";
			};
			name = Debug;
		};
		F43026CC27F2189600A8708B /* Release */ = {
			isa = XCBuildConfiguration;
			buildSettings = {
				ALWAYS_SEARCH_USER_PATHS = NO;
				CLANG_ANALYZER_NONNULL = YES;
				CLANG_ANALYZER_NUMBER_OBJECT_CONVERSION = YES_AGGRESSIVE;
				CLANG_CXX_LANGUAGE_STANDARD = "gnu++17";
				CLANG_ENABLE_MODULES = YES;
				CLANG_ENABLE_OBJC_ARC = YES;
				CLANG_ENABLE_OBJC_WEAK = YES;
				CLANG_WARN_BLOCK_CAPTURE_AUTORELEASING = YES;
				CLANG_WARN_BOOL_CONVERSION = YES;
				CLANG_WARN_COMMA = YES;
				CLANG_WARN_CONSTANT_CONVERSION = YES;
				CLANG_WARN_DEPRECATED_OBJC_IMPLEMENTATIONS = YES;
				CLANG_WARN_DIRECT_OBJC_ISA_USAGE = YES_ERROR;
				CLANG_WARN_DOCUMENTATION_COMMENTS = YES;
				CLANG_WARN_EMPTY_BODY = YES;
				CLANG_WARN_ENUM_CONVERSION = YES;
				CLANG_WARN_INFINITE_RECURSION = YES;
				CLANG_WARN_INT_CONVERSION = YES;
				CLANG_WARN_NON_LITERAL_NULL_CONVERSION = YES;
				CLANG_WARN_OBJC_IMPLICIT_RETAIN_SELF = YES;
				CLANG_WARN_OBJC_LITERAL_CONVERSION = YES;
				CLANG_WARN_OBJC_ROOT_CLASS = YES_ERROR;
				CLANG_WARN_QUOTED_INCLUDE_IN_FRAMEWORK_HEADER = YES;
				CLANG_WARN_RANGE_LOOP_ANALYSIS = YES;
				CLANG_WARN_STRICT_PROTOTYPES = YES;
				CLANG_WARN_SUSPICIOUS_MOVE = YES;
				CLANG_WARN_UNGUARDED_AVAILABILITY = YES_AGGRESSIVE;
				CLANG_WARN_UNREACHABLE_CODE = YES;
				CLANG_WARN__DUPLICATE_METHOD_MATCH = YES;
				COPY_PHASE_STRIP = NO;
				DEBUG_INFORMATION_FORMAT = "dwarf-with-dsym";
				ENABLE_NS_ASSERTIONS = NO;
				ENABLE_STRICT_OBJC_MSGSEND = YES;
				GCC_C_LANGUAGE_STANDARD = gnu11;
				GCC_NO_COMMON_BLOCKS = YES;
				GCC_WARN_64_TO_32_BIT_CONVERSION = YES;
				GCC_WARN_ABOUT_RETURN_TYPE = YES_ERROR;
				GCC_WARN_UNDECLARED_SELECTOR = YES;
				GCC_WARN_UNINITIALIZED_AUTOS = YES_AGGRESSIVE;
				GCC_WARN_UNUSED_FUNCTION = YES;
				GCC_WARN_UNUSED_VARIABLE = YES;
				IPHONEOS_DEPLOYMENT_TARGET = 15.4;
				MTL_ENABLE_DEBUG_INFO = NO;
				MTL_FAST_MATH = YES;
				SDKROOT = iphoneos;
				SWIFT_COMPILATION_MODE = wholemodule;
				SWIFT_OPTIMIZATION_LEVEL = "-O";
				VALIDATE_PRODUCT = YES;
			};
			name = Release;
		};
		F43026CE27F2189600A8708B /* Debug */ = {
			isa = XCBuildConfiguration;
			buildSettings = {
				ASSETCATALOG_COMPILER_APPICON_NAME = AppIcon;
				ASSETCATALOG_COMPILER_GLOBAL_ACCENT_COLOR_NAME = AccentColor;
				CODE_SIGN_STYLE = Automatic;
				CURRENT_PROJECT_VERSION = 1;
				DEVELOPMENT_TEAM = ZKJY7V5R6Y;
				GENERATE_INFOPLIST_FILE = YES;
				INFOPLIST_KEY_NSCameraUsageDescription = "";
				INFOPLIST_KEY_NSLocationAlwaysAndWhenInUseUsageDescription = "Allow location access to use the app";
				INFOPLIST_KEY_NSLocationAlwaysUsageDescription = "Allow location access to use the app";
				INFOPLIST_KEY_NSLocationWhenInUseUsageDescription = "Allow location access to use the app";
				INFOPLIST_KEY_UIApplicationSupportsIndirectInputEvents = YES;
				INFOPLIST_KEY_UILaunchStoryboardName = LaunchScreen;
				INFOPLIST_KEY_UIMainStoryboardFile = Main;
				INFOPLIST_KEY_UIRequiredDeviceCapabilities = arkit;
				INFOPLIST_KEY_UIStatusBarHidden = YES;
				INFOPLIST_KEY_UISupportedInterfaceOrientations_iPad = "UIInterfaceOrientationPortrait UIInterfaceOrientationPortraitUpsideDown UIInterfaceOrientationLandscapeLeft UIInterfaceOrientationLandscapeRight";
				INFOPLIST_KEY_UISupportedInterfaceOrientations_iPhone = "UIInterfaceOrientationPortrait UIInterfaceOrientationLandscapeLeft UIInterfaceOrientationLandscapeRight";
				LD_RUNPATH_SEARCH_PATHS = (
					"$(inherited)",
					"@executable_path/Frameworks",
				);
				MARKETING_VERSION = 1.0;
				PRODUCT_BUNDLE_IDENTIFIER = com.ar.ARExample;
				PRODUCT_NAME = "$(TARGET_NAME)";
				SWIFT_EMIT_LOC_STRINGS = YES;
				SWIFT_VERSION = 5.0;
				TARGETED_DEVICE_FAMILY = "1,2";
			};
			name = Debug;
		};
		F43026CF27F2189600A8708B /* Release */ = {
			isa = XCBuildConfiguration;
			buildSettings = {
				ASSETCATALOG_COMPILER_APPICON_NAME = AppIcon;
				ASSETCATALOG_COMPILER_GLOBAL_ACCENT_COLOR_NAME = AccentColor;
				CODE_SIGN_STYLE = Automatic;
				CURRENT_PROJECT_VERSION = 1;
				DEVELOPMENT_TEAM = ZKJY7V5R6Y;
				GENERATE_INFOPLIST_FILE = YES;
				INFOPLIST_KEY_NSCameraUsageDescription = "";
				INFOPLIST_KEY_NSLocationAlwaysAndWhenInUseUsageDescription = "Allow location access to use the app";
				INFOPLIST_KEY_NSLocationAlwaysUsageDescription = "Allow location access to use the app";
				INFOPLIST_KEY_NSLocationWhenInUseUsageDescription = "Allow location access to use the app";
				INFOPLIST_KEY_UIApplicationSupportsIndirectInputEvents = YES;
				INFOPLIST_KEY_UILaunchStoryboardName = LaunchScreen;
				INFOPLIST_KEY_UIMainStoryboardFile = Main;
				INFOPLIST_KEY_UIRequiredDeviceCapabilities = arkit;
				INFOPLIST_KEY_UIStatusBarHidden = YES;
				INFOPLIST_KEY_UISupportedInterfaceOrientations_iPad = "UIInterfaceOrientationPortrait UIInterfaceOrientationPortraitUpsideDown UIInterfaceOrientationLandscapeLeft UIInterfaceOrientationLandscapeRight";
				INFOPLIST_KEY_UISupportedInterfaceOrientations_iPhone = "UIInterfaceOrientationPortrait UIInterfaceOrientationLandscapeLeft UIInterfaceOrientationLandscapeRight";
				LD_RUNPATH_SEARCH_PATHS = (
					"$(inherited)",
					"@executable_path/Frameworks",
				);
				MARKETING_VERSION = 1.0;
				PRODUCT_BUNDLE_IDENTIFIER = com.ar.ARExample;
				PRODUCT_NAME = "$(TARGET_NAME)";
				SWIFT_EMIT_LOC_STRINGS = YES;
				SWIFT_VERSION = 5.0;
				TARGETED_DEVICE_FAMILY = "1,2";
			};
			name = Release;
		};
/* End XCBuildConfiguration section */

/* Begin XCConfigurationList section */
		F43026B527F2189500A8708B /* Build configuration list for PBXProject "ARExample" */ = {
			isa = XCConfigurationList;
			buildConfigurations = (
				F43026CB27F2189600A8708B /* Debug */,
				F43026CC27F2189600A8708B /* Release */,
			);
			defaultConfigurationIsVisible = 0;
			defaultConfigurationName = Release;
		};
		F43026CD27F2189600A8708B /* Build configuration list for PBXNativeTarget "ARExample" */ = {
			isa = XCConfigurationList;
			buildConfigurations = (
				F43026CE27F2189600A8708B /* Debug */,
				F43026CF27F2189600A8708B /* Release */,
			);
			defaultConfigurationIsVisible = 0;
			defaultConfigurationName = Release;
		};
/* End XCConfigurationList section */
	};
	rootObject = F43026B227F2189500A8708B /* Project object */;
}
