// !$*UTF8*$!
{
	archiveVersion = 1;
	classes = {
	};
	objectVersion = 50;
	objects = {

/* Begin PBXBuildFile section */
		F46664242771F80500673695 /* HistoryTableViewController.swift in Sources */ = {isa = PBXBuildFile; fileRef = F46664232771F80500673695 /* HistoryTableViewController.swift */; };
		F4D3A380275E9652006C34A0 /* AppDelegate.swift in Sources */ = {isa = PBXBuildFile; fileRef = F4D3A37F275E9652006C34A0 /* AppDelegate.swift */; };
		F4D3A382275E9652006C34A0 /* SceneDelegate.swift in Sources */ = {isa = PBXBuildFile; fileRef = F4D3A381275E9652006C34A0 /* SceneDelegate.swift */; };
		F4D3A384275E9652006C34A0 /* ViewController.swift in Sources */ = {isa = PBXBuildFile; fileRef = F4D3A383275E9652006C34A0 /* ViewController.swift */; };
		F4D3A387275E9652006C34A0 /* Main.storyboard in Resources */ = {isa = PBXBuildFile; fileRef = F4D3A385275E9652006C34A0 /* Main.storyboard */; };
		F4D3A389275E9653006C34A0 /* Assets.xcassets in Resources */ = {isa = PBXBuildFile; fileRef = F4D3A388275E9653006C34A0 /* Assets.xcassets */; };
		F4D3A38C275E9653006C34A0 /* LaunchScreen.storyboard in Resources */ = {isa = PBXBuildFile; fileRef = F4D3A38A275E9653006C34A0 /* LaunchScreen.storyboard */; };
		F4D3A394275E9744006C34A0 /* ff1071659a06ebce335f0594e397850c.jpg in Resources */ = {isa = PBXBuildFile; fileRef = F4D3A393275E9744006C34A0 /* ff1071659a06ebce335f0594e397850c.jpg */; };
		F4D3A396275E978E006C34A0 /* Model.swift in Sources */ = {isa = PBXBuildFile; fileRef = F4D3A395275E978E006C34A0 /* Model.swift */; };
		F4D3A398275E9C83006C34A0 /* HistoryViewController.swift in Sources */ = {isa = PBXBuildFile; fileRef = F4D3A397275E9C83006C34A0 /* HistoryViewController.swift */; };
/* End PBXBuildFile section */

/* Begin PBXFileReference section */
		F46664232771F80500673695 /* HistoryTableViewController.swift */ = {isa = PBXFileReference; lastKnownFileType = sourcecode.swift; path = HistoryTableViewController.swift; sourceTree = "<group>"; };
		F4D3A37C275E9652006C34A0 /* NumberGuess.app */ = {isa = PBXFileReference; explicitFileType = wrapper.application; includeInIndex = 0; path = NumberGuess.app; sourceTree = BUILT_PRODUCTS_DIR; };
		F4D3A37F275E9652006C34A0 /* AppDelegate.swift */ = {isa = PBXFileReference; lastKnownFileType = sourcecode.swift; path = AppDelegate.swift; sourceTree = "<group>"; };
		F4D3A381275E9652006C34A0 /* SceneDelegate.swift */ = {isa = PBXFileReference; lastKnownFileType = sourcecode.swift; path = SceneDelegate.swift; sourceTree = "<group>"; };
		F4D3A383275E9652006C34A0 /* ViewController.swift */ = {isa = PBXFileReference; lastKnownFileType = sourcecode.swift; path = ViewController.swift; sourceTree = "<group>"; };
		F4D3A386275E9652006C34A0 /* Base */ = {isa = PBXFileReference; lastKnownFileType = file.storyboard; name = Base; path = Base.lproj/Main.storyboard; sourceTree = "<group>"; };
		F4D3A388275E9653006C34A0 /* Assets.xcassets */ = {isa = PBXFileReference; lastKnownFileType = folder.assetcatalog; path = Assets.xcassets; sourceTree = "<group>"; };
		F4D3A38B275E9653006C34A0 /* Base */ = {isa = PBXFileReference; lastKnownFileType = file.storyboard; name = Base; path = Base.lproj/LaunchScreen.storyboard; sourceTree = "<group>"; };
		F4D3A38D275E9653006C34A0 /* Info.plist */ = {isa = PBXFileReference; lastKnownFileType = text.plist.xml; path = Info.plist; sourceTree = "<group>"; };
		F4D3A393275E9744006C34A0 /* ff1071659a06ebce335f0594e397850c.jpg */ = {isa = PBXFileReference; lastKnownFileType = image.jpeg; name = ff1071659a06ebce335f0594e397850c.jpg; path = ../ff1071659a06ebce335f0594e397850c.jpg; sourceTree = "<group>"; };
		F4D3A395275E978E006C34A0 /* Model.swift */ = {isa = PBXFileReference; lastKnownFileType = sourcecode.swift; path = Model.swift; sourceTree = "<group>"; };
		F4D3A397275E9C83006C34A0 /* HistoryViewController.swift */ = {isa = PBXFileReference; lastKnownFileType = sourcecode.swift; path = HistoryViewController.swift; sourceTree = "<group>"; };
/* End PBXFileReference section */

/* Begin PBXFrameworksBuildPhase section */
		F4D3A379275E9652006C34A0 /* Frameworks */ = {
			isa = PBXFrameworksBuildPhase;
			buildActionMask = 2147483647;
			files = (
			);
			runOnlyForDeploymentPostprocessing = 0;
		};
/* End PBXFrameworksBuildPhase section */

/* Begin PBXGroup section */
		F4D3A373275E9652006C34A0 = {
			isa = PBXGroup;
			children = (
				F4D3A37E275E9652006C34A0 /* NumberGuess */,
				F4D3A37D275E9652006C34A0 /* Products */,
			);
			sourceTree = "<group>";
		};
		F4D3A37D275E9652006C34A0 /* Products */ = {
			isa = PBXGroup;
			children = (
				F4D3A37C275E9652006C34A0 /* NumberGuess.app */,
			);
			name = Products;
			sourceTree = "<group>";
		};
		F4D3A37E275E9652006C34A0 /* NumberGuess */ = {
			isa = PBXGroup;
			children = (
				F4D3A393275E9744006C34A0 /* ff1071659a06ebce335f0594e397850c.jpg */,
				F4D3A37F275E9652006C34A0 /* AppDelegate.swift */,
				F4D3A381275E9652006C34A0 /* SceneDelegate.swift */,
				F4D3A383275E9652006C34A0 /* ViewController.swift */,
				F4D3A385275E9652006C34A0 /* Main.storyboard */,
				F4D3A388275E9653006C34A0 /* Assets.xcassets */,
				F4D3A38A275E9653006C34A0 /* LaunchScreen.storyboard */,
				F4D3A38D275E9653006C34A0 /* Info.plist */,
				F4D3A395275E978E006C34A0 /* Model.swift */,
				F4D3A397275E9C83006C34A0 /* HistoryViewController.swift */,
				F46664232771F80500673695 /* HistoryTableViewController.swift */,
			);
			path = NumberGuess;
			sourceTree = "<group>";
		};
/* End PBXGroup section */

/* Begin PBXNativeTarget section */
		F4D3A37B275E9652006C34A0 /* NumberGuess */ = {
			isa = PBXNativeTarget;
			buildConfigurationList = F4D3A390275E9653006C34A0 /* Build configuration list for PBXNativeTarget "NumberGuess" */;
			buildPhases = (
				F4D3A378275E9652006C34A0 /* Sources */,
				F4D3A379275E9652006C34A0 /* Frameworks */,
				F4D3A37A275E9652006C34A0 /* Resources */,
			);
			buildRules = (
			);
			dependencies = (
			);
			name = NumberGuess;
			productName = "Test-Final";
			productReference = F4D3A37C275E9652006C34A0 /* NumberGuess.app */;
			productType = "com.apple.product-type.application";
		};
/* End PBXNativeTarget section */

/* Begin PBXProject section */
		F4D3A374275E9652006C34A0 /* Project object */ = {
			isa = PBXProject;
			attributes = {
				LastSwiftUpdateCheck = 1250;
				LastUpgradeCheck = 1250;
				TargetAttributes = {
					F4D3A37B275E9652006C34A0 = {
						CreatedOnToolsVersion = 12.5.1;
					};
				};
			};
			buildConfigurationList = F4D3A377275E9652006C34A0 /* Build configuration list for PBXProject "NumberGuess" */;
			compatibilityVersion = "Xcode 9.3";
			developmentRegion = en;
			hasScannedForEncodings = 0;
			knownRegions = (
				en,
				Base,
			);
			mainGroup = F4D3A373275E9652006C34A0;
			productRefGroup = F4D3A37D275E9652006C34A0 /* Products */;
			projectDirPath = "";
			projectRoot = "";
			targets = (
				F4D3A37B275E9652006C34A0 /* NumberGuess */,
			);
		};
/* End PBXProject section */

/* Begin PBXResourcesBuildPhase section */
		F4D3A37A275E9652006C34A0 /* Resources */ = {
			isa = PBXResourcesBuildPhase;
			buildActionMask = 2147483647;
			files = (
				F4D3A38C275E9653006C34A0 /* LaunchScreen.storyboard in Resources */,
				F4D3A394275E9744006C34A0 /* ff1071659a06ebce335f0594e397850c.jpg in Resources */,
				F4D3A389275E9653006C34A0 /* Assets.xcassets in Resources */,
				F4D3A387275E9652006C34A0 /* Main.storyboard in Resources */,
			);
			runOnlyForDeploymentPostprocessing = 0;
		};
/* End PBXResourcesBuildPhase section */

/* Begin PBXSourcesBuildPhase section */
		F4D3A378275E9652006C34A0 /* Sources */ = {
			isa = PBXSourcesBuildPhase;
			buildActionMask = 2147483647;
			files = (
				F4D3A384275E9652006C34A0 /* ViewController.swift in Sources */,
				F4D3A380275E9652006C34A0 /* AppDelegate.swift in Sources */,
				F46664242771F80500673695 /* HistoryTableViewController.swift in Sources */,
				F4D3A382275E9652006C34A0 /* SceneDelegate.swift in Sources */,
				F4D3A398275E9C83006C34A0 /* HistoryViewController.swift in Sources */,
				F4D3A396275E978E006C34A0 /* Model.swift in Sources */,
			);
			runOnlyForDeploymentPostprocessing = 0;
		};
/* End PBXSourcesBuildPhase section */

/* Begin PBXVariantGroup section */
		F4D3A385275E9652006C34A0 /* Main.storyboard */ = {
			isa = PBXVariantGroup;
			children = (
				F4D3A386275E9652006C34A0 /* Base */,
			);
			name = Main.storyboard;
			sourceTree = "<group>";
		};
		F4D3A38A275E9653006C34A0 /* LaunchScreen.storyboard */ = {
			isa = PBXVariantGroup;
			children = (
				F4D3A38B275E9653006C34A0 /* Base */,
			);
			name = LaunchScreen.storyboard;
			sourceTree = "<group>";
		};
/* End PBXVariantGroup section */

/* Begin XCBuildConfiguration section */
		F4D3A38E275E9653006C34A0 /* Debug */ = {
			isa = XCBuildConfiguration;
			buildSettings = {
				ALWAYS_SEARCH_USER_PATHS = NO;
				CLANG_ANALYZER_NONNULL = YES;
				CLANG_ANALYZER_NUMBER_OBJECT_CONVERSION = YES_AGGRESSIVE;
				CLANG_CXX_LANGUAGE_STANDARD = "gnu++14";
				CLANG_CXX_LIBRARY = "libc++";
				CLANG_ENABLE_MODULES = YES;
				CLANG_ENABLE_OBJC_ARC = YES;
				CLANG_ENABLE_OBJC_WEAK = YES;
				CLANG_WARN_BLOCK_CAPTURE_AUTORELEASING = YES;
				CLANG_WARN_BOOL_CONVERSION = YES;
				CLANG_WARN_COMMA = YES;
				CLANG_WARN_CONSTANT_CONVERSION = YES;
				CLANG_WARN_DEPRECATED_OBJC_IMPLEMENTATIONS = YES;
				CLANG_WARN_DIRECT_OBJC_ISA_USAGE = YES_ERROR;
				CLANG_WARN_DOCUMENTATION_COMMENTS = YES;
				CLANG_WARN_EMPTY_BODY = YES;
				CLANG_WARN_ENUM_CONVERSION = YES;
				CLANG_WARN_INFINITE_RECURSION = YES;
				CLANG_WARN_INT_CONVERSION = YES;
				CLANG_WARN_NON_LITERAL_NULL_CONVERSION = YES;
				CLANG_WARN_OBJC_IMPLICIT_RETAIN_SELF = YES;
				CLANG_WARN_OBJC_LITERAL_CONVERSION = YES;
				CLANG_WARN_OBJC_ROOT_CLASS = YES_ERROR;
				CLANG_WARN_QUOTED_INCLUDE_IN_FRAMEWORK_HEADER = YES;
				CLANG_WARN_RANGE_LOOP_ANALYSIS = YES;
				CLANG_WARN_STRICT_PROTOTYPES = YES;
				CLANG_WARN_SUSPICIOUS_MOVE = YES;
				CLANG_WARN_UNGUARDED_AVAILABILITY = YES_AGGRESSIVE;
				CLANG_WARN_UNREACHABLE_CODE = YES;
				CLANG_WARN__DUPLICATE_METHOD_MATCH = YES;
				COPY_PHASE_STRIP = NO;
				DEBUG_INFORMATION_FORMAT = dwarf;
				ENABLE_STRICT_OBJC_MSGSEND = YES;
				ENABLE_TESTABILITY = YES;
				GCC_C_LANGUAGE_STANDARD = gnu11;
				GCC_DYNAMIC_NO_PIC = NO;
				GCC_NO_COMMON_BLOCKS = YES;
				GCC_OPTIMIZATION_LEVEL = 0;
				GCC_PREPROCESSOR_DEFINITIONS = (
					"DEBUG=1",
					"$(inherited)",
				);
				GCC_WARN_64_TO_32_BIT_CONVERSION = YES;
				GCC_WARN_ABOUT_RETURN_TYPE = YES_ERROR;
				GCC_WARN_UNDECLARED_SELECTOR = YES;
				GCC_WARN_UNINITIALIZED_AUTOS = YES_AGGRESSIVE;
				GCC_WARN_UNUSED_FUNCTION = YES;
				GCC_WARN_UNUSED_VARIABLE = YES;
				IPHONEOS_DEPLOYMENT_TARGET = 14.5;
				MTL_ENABLE_DEBUG_INFO = INCLUDE_SOURCE;
				MTL_FAST_MATH = YES;
				ONLY_ACTIVE_ARCH = YES;
				SDKROOT = iphoneos;
				SWIFT_ACTIVE_COMPILATION_CONDITIONS = DEBUG;
				SWIFT_OPTIMIZATION_LEVEL = "-Onone";
			};
			name = Debug;
		};
		F4D3A38F275E9653006C34A0 /* Release */ = {
			isa = XCBuildConfiguration;
			buildSettings = {
				ALWAYS_SEARCH_USER_PATHS = NO;
				CLANG_ANALYZER_NONNULL = YES;
				CLANG_ANALYZER_NUMBER_OBJECT_CONVERSION = YES_AGGRESSIVE;
				CLANG_CXX_LANGUAGE_STANDARD = "gnu++14";
				CLANG_CXX_LIBRARY = "libc++";
				CLANG_ENABLE_MODULES = YES;
				CLANG_ENABLE_OBJC_ARC = YES;
				CLANG_ENABLE_OBJC_WEAK = YES;
				CLANG_WARN_BLOCK_CAPTURE_AUTORELEASING = YES;
				CLANG_WARN_BOOL_CONVERSION = YES;
				CLANG_WARN_COMMA = YES;
				CLANG_WARN_CONSTANT_CONVERSION = YES;
				CLANG_WARN_DEPRECATED_OBJC_IMPLEMENTATIONS = YES;
				CLANG_WARN_DIRECT_OBJC_ISA_USAGE = YES_ERROR;
				CLANG_WARN_DOCUMENTATION_COMMENTS = YES;
				CLANG_WARN_EMPTY_BODY = YES;
				CLANG_WARN_ENUM_CONVERSION = YES;
				CLANG_WARN_INFINITE_RECURSION = YES;
				CLANG_WARN_INT_CONVERSION = YES;
				CLANG_WARN_NON_LITERAL_NULL_CONVERSION = YES;
				CLANG_WARN_OBJC_IMPLICIT_RETAIN_SELF = YES;
				CLANG_WARN_OBJC_LITERAL_CONVERSION = YES;
				CLANG_WARN_OBJC_ROOT_CLASS = YES_ERROR;
				CLANG_WARN_QUOTED_INCLUDE_IN_FRAMEWORK_HEADER = YES;
				CLANG_WARN_RANGE_LOOP_ANALYSIS = YES;
				CLANG_WARN_STRICT_PROTOTYPES = YES;
				CLANG_WARN_SUSPICIOUS_MOVE = YES;
				CLANG_WARN_UNGUARDED_AVAILABILITY = YES_AGGRESSIVE;
				CLANG_WARN_UNREACHABLE_CODE = YES;
				CLANG_WARN__DUPLICATE_METHOD_MATCH = YES;
				COPY_PHASE_STRIP = NO;
				DEBUG_INFORMATION_FORMAT = "dwarf-with-dsym";
				ENABLE_NS_ASSERTIONS = NO;
				ENABLE_STRICT_OBJC_MSGSEND = YES;
				GCC_C_LANGUAGE_STANDARD = gnu11;
				GCC_NO_COMMON_BLOCKS = YES;
				GCC_WARN_64_TO_32_BIT_CONVERSION = YES;
				GCC_WARN_ABOUT_RETURN_TYPE = YES_ERROR;
				GCC_WARN_UNDECLARED_SELECTOR = YES;
				GCC_WARN_UNINITIALIZED_AUTOS = YES_AGGRESSIVE;
				GCC_WARN_UNUSED_FUNCTION = YES;
				GCC_WARN_UNUSED_VARIABLE = YES;
				IPHONEOS_DEPLOYMENT_TARGET = 14.5;
				MTL_ENABLE_DEBUG_INFO = NO;
				MTL_FAST_MATH = YES;
				SDKROOT = iphoneos;
				SWIFT_COMPILATION_MODE = wholemodule;
				SWIFT_OPTIMIZATION_LEVEL = "-O";
				VALIDATE_PRODUCT = YES;
			};
			name = Release;
		};
		F4D3A391275E9653006C34A0 /* Debug */ = {
			isa = XCBuildConfiguration;
			buildSettings = {
				ASSETCATALOG_COMPILER_APPICON_NAME = AppIcon;
				ASSETCATALOG_COMPILER_GLOBAL_ACCENT_COLOR_NAME = AccentColor;
				CODE_SIGN_STYLE = Automatic;
				INFOPLIST_FILE = NumberGuess/Info.plist;
				LD_RUNPATH_SEARCH_PATHS = (
					"$(inherited)",
					"@executable_path/Frameworks",
				);
				PRODUCT_BUNDLE_IDENTIFIER = com.test.NumberGuess;
				PRODUCT_NAME = "$(TARGET_NAME)";
				SWIFT_VERSION = 5.0;
				TARGETED_DEVICE_FAMILY = "1,2";
			};
			name = Debug;
		};
		F4D3A392275E9653006C34A0 /* Release */ = {
			isa = XCBuildConfiguration;
			buildSettings = {
				ASSETCATALOG_COMPILER_APPICON_NAME = AppIcon;
				ASSETCATALOG_COMPILER_GLOBAL_ACCENT_COLOR_NAME = AccentColor;
				CODE_SIGN_STYLE = Automatic;
				INFOPLIST_FILE = NumberGuess/Info.plist;
				LD_RUNPATH_SEARCH_PATHS = (
					"$(inherited)",
					"@executable_path/Frameworks",
				);
				PRODUCT_BUNDLE_IDENTIFIER = com.test.NumberGuess;
				PRODUCT_NAME = "$(TARGET_NAME)";
				SWIFT_VERSION = 5.0;
				TARGETED_DEVICE_FAMILY = "1,2";
			};
			name = Release;
		};
/* End XCBuildConfiguration section */

/* Begin XCConfigurationList section */
		F4D3A377275E9652006C34A0 /* Build configuration list for PBXProject "NumberGuess" */ = {
			isa = XCConfigurationList;
			buildConfigurations = (
				F4D3A38E275E9653006C34A0 /* Debug */,
				F4D3A38F275E9653006C34A0 /* Release */,
			);
			defaultConfigurationIsVisible = 0;
			defaultConfigurationName = Release;
		};
		F4D3A390275E9653006C34A0 /* Build configuration list for PBXNativeTarget "NumberGuess" */ = {
			isa = XCConfigurationList;
			buildConfigurations = (
				F4D3A391275E9653006C34A0 /* Debug */,
				F4D3A392275E9653006C34A0 /* Release */,
			);
			defaultConfigurationIsVisible = 0;
			defaultConfigurationName = Release;
		};
/* End XCConfigurationList section */
	};
	rootObject = F4D3A374275E9652006C34A0 /* Project object */;
}
